
Microsoft Visual Studio Solution File, Format Version 12.00
# Visual Studio Version 16
VisualStudioVersion = 16.0.29025.244
MinimumVisualStudioVersion = 10.0.40219.1
Project("{9A19103F-16F7-4668-BE54-9A1E7A4F7556}") = "2C2PDemo", "2C2PDemo.csproj", "{6C587E22-2822-4045-A65E-D2DE6E0022B9}"
EndProject
Project("{FAE04EC0-301F-11D3-BF4B-00C04F79EFBC}") = "TestDB2C2P", "..\TestDB2C2P\TestDB2C2P.csproj", "{D925AD4E-C433-4FC8-B78B-851EAF051D98}"
EndProject
Global
	GlobalSection(SolutionConfigurationPlatforms) = preSolution
		Debug|Any CPU = Debug|Any CPU
		Release|Any CPU = Release|Any CPU
	EndGlobalSection
	GlobalSection(ProjectConfigurationPlatforms) = postSolution
		{6C587E22-2822-4045-A65E-D2DE6E0022B9}.Debug|Any CPU.ActiveCfg = Debug|Any CPU
		{6C587E22-2822-4045-A65E-D2DE6E0022B9}.Debug|Any CPU.Build.0 = Debug|Any CPU
		{6C587E22-2822-4045-A65E-D2DE6E0022B9}.Release|Any CPU.ActiveCfg = Release|Any CPU
		{6C587E22-2822-4045-A65E-D2DE6E0022B9}.Release|Any CPU.Build.0 = Release|Any CPU
		{D925AD4E-C433-4FC8-B78B-851EAF051D98}.Debug|Any CPU.ActiveCfg = Debug|Any CPU
		{D925AD4E-C433-4FC8-B78B-851EAF051D98}.Debug|Any CPU.Build.0 = Debug|Any CPU
		{D925AD4E-C433-4FC8-B78B-851EAF051D98}.Release|Any CPU.ActiveCfg = Release|Any CPU
		{D925AD4E-C433-4FC8-B78B-851EAF051D98}.Release|Any CPU.Build.0 = Release|Any CPU
	EndGlobalSection
	GlobalSection(SolutionProperties) = preSolution
		HideSolutionNode = FALSE
	EndGlobalSection
	GlobalSection(ExtensibilityGlobals) = postSolution
		SolutionGuid = {A4833F2B-0F5A-4471-A6E2-0918C7FDB9A7}
	EndGlobalSection
EndGlobal
